// !$*UTF8*$!
{
	archiveVersion = 1;
	classes = {
	};
	objectVersion = 56;
	objects = {

/* Begin PBXBuildFile section */
		150169FF2B1AAD5E00248601 /* ItemView.swift in Sources */ = {isa = PBXBuildFile; fileRef = 150169FE2B1AAD5E00248601 /* ItemView.swift */; };
		1525D6502AE7245300CBCB94 /* AppDelegate.swift in Sources */ = {isa = PBXBuildFile; fileRef = 1525D64F2AE7245300CBCB94 /* AppDelegate.swift */; };
		1525D6522AE7245300CBCB94 /* SceneDelegate.swift in Sources */ = {isa = PBXBuildFile; fileRef = 1525D6512AE7245300CBCB94 /* SceneDelegate.swift */; };
		1525D6592AE7245400CBCB94 /* Assets.xcassets in Resources */ = {isa = PBXBuildFile; fileRef = 1525D6582AE7245400CBCB94 /* Assets.xcassets */; };
		1525D65C2AE7245400CBCB94 /* LaunchScreen.storyboard in Resources */ = {isa = PBXBuildFile; fileRef = 1525D65A2AE7245400CBCB94 /* LaunchScreen.storyboard */; };
		1536CD312B13260700E8236F /* Channel.swift in Sources */ = {isa = PBXBuildFile; fileRef = 1536CD302B13260700E8236F /* Channel.swift */; };
		154FD8CB2B0035AE001B8EA3 /* TableViewCell.swift in Sources */ = {isa = PBXBuildFile; fileRef = 154FD8CA2B0035AE001B8EA3 /* TableViewCell.swift */; };
		1585EB8C2B6644DA005F6EA9 /* DescSelectChannelViewController.swift in Sources */ = {isa = PBXBuildFile; fileRef = 1585EB8B2B6644DA005F6EA9 /* DescSelectChannelViewController.swift */; };
		158F76832B2A5C7F0083917D /* TableViewController.swift in Sources */ = {isa = PBXBuildFile; fileRef = 158F76822B2A5C7F0083917D /* TableViewController.swift */; };
		159A0F142B34FCCA0099AA72 /* ViewController.swift in Sources */ = {isa = PBXBuildFile; fileRef = 159A0F132B34FCCA0099AA72 /* ViewController.swift */; };
		15A4703B2B2DDFB3002B9DE8 /* channels.json in Resources */ = {isa = PBXBuildFile; fileRef = 15A4703A2B2DDFB3002B9DE8 /* channels.json */; };
		15A4703D2B2DE00F002B9DE8 /* ErrorChannel.jpeg in Resources */ = {isa = PBXBuildFile; fileRef = 15A4703C2B2DE00F002B9DE8 /* ErrorChannel.jpeg */; };
/* End PBXBuildFile section */

/* Begin PBXFileReference section */
		150169FE2B1AAD5E00248601 /* ItemView.swift */ = {isa = PBXFileReference; lastKnownFileType = sourcecode.swift; path = ItemView.swift; sourceTree = "<group>"; };
		1525D64C2AE7245300CBCB94 /* BuildingUIKitProgrammatically002.app */ = {isa = PBXFileReference; explicitFileType = wrapper.application; includeInIndex = 0; path = BuildingUIKitProgrammatically002.app; sourceTree = BUILT_PRODUCTS_DIR; };
		1525D64F2AE7245300CBCB94 /* AppDelegate.swift */ = {isa = PBXFileReference; lastKnownFileType = sourcecode.swift; path = AppDelegate.swift; sourceTree = "<group>"; };
		1525D6512AE7245300CBCB94 /* SceneDelegate.swift */ = {isa = PBXFileReference; lastKnownFileType = sourcecode.swift; path = SceneDelegate.swift; sourceTree = "<group>"; };
		1525D6582AE7245400CBCB94 /* Assets.xcassets */ = {isa = PBXFileReference; lastKnownFileType = folder.assetcatalog; path = Assets.xcassets; sourceTree = "<group>"; };
		1525D65B2AE7245400CBCB94 /* Base */ = {isa = PBXFileReference; lastKnownFileType = file.storyboard; name = Base; path = Base.lproj/LaunchScreen.storyboard; sourceTree = "<group>"; };
		1525D65D2AE7245400CBCB94 /* Info.plist */ = {isa = PBXFileReference; lastKnownFileType = text.plist.xml; path = Info.plist; sourceTree = "<group>"; };
		1536CD302B13260700E8236F /* Channel.swift */ = {isa = PBXFileReference; lastKnownFileType = sourcecode.swift; path = Channel.swift; sourceTree = "<group>"; };
		154FD8CA2B0035AE001B8EA3 /* TableViewCell.swift */ = {isa = PBXFileReference; lastKnownFileType = sourcecode.swift; path = TableViewCell.swift; sourceTree = "<group>"; };
		1585EB8B2B6644DA005F6EA9 /* DescSelectChannelViewController.swift */ = {isa = PBXFileReference; lastKnownFileType = sourcecode.swift; path = DescSelectChannelViewController.swift; sourceTree = "<group>"; };
		158F76822B2A5C7F0083917D /* TableViewController.swift */ = {isa = PBXFileReference; lastKnownFileType = sourcecode.swift; path = TableViewController.swift; sourceTree = "<group>"; };
		159A0F132B34FCCA0099AA72 /* ViewController.swift */ = {isa = PBXFileReference; lastKnownFileType = sourcecode.swift; path = ViewController.swift; sourceTree = "<group>"; };
		15A4703A2B2DDFB3002B9DE8 /* channels.json */ = {isa = PBXFileReference; fileEncoding = 4; lastKnownFileType = text.json; path = channels.json; sourceTree = "<group>"; };
		15A4703C2B2DE00F002B9DE8 /* ErrorChannel.jpeg */ = {isa = PBXFileReference; lastKnownFileType = image.jpeg; path = ErrorChannel.jpeg; sourceTree = "<group>"; };
/* End PBXFileReference section */

/* Begin PBXFrameworksBuildPhase section */
		1525D6492AE7245300CBCB94 /* Frameworks */ = {
			isa = PBXFrameworksBuildPhase;
			buildActionMask = 2147483647;
			files = (
			);
			runOnlyForDeploymentPostprocessing = 0;
		};
/* End PBXFrameworksBuildPhase section */

/* Begin PBXGroup section */
		1525D6432AE7245300CBCB94 = {
			isa = PBXGroup;
			children = (
				1525D64E2AE7245300CBCB94 /* BuildingUIKitProgrammatically002 */,
				1525D64D2AE7245300CBCB94 /* Products */,
			);
			sourceTree = "<group>";
		};
		1525D64D2AE7245300CBCB94 /* Products */ = {
			isa = PBXGroup;
			children = (
				1525D64C2AE7245300CBCB94 /* BuildingUIKitProgrammatically002.app */,
			);
			name = Products;
			sourceTree = "<group>";
		};
		1525D64E2AE7245300CBCB94 /* BuildingUIKitProgrammatically002 */ = {
			isa = PBXGroup;
			children = (
				15DC10D52B0980B600D00BDD /* Views */,
				15DC10D62B0980E000D00BDD /* Controllers */,
				1525D6512AE7245300CBCB94 /* SceneDelegate.swift */,
				1536CD2F2B13259800E8236F /* Models */,
				1525D64F2AE7245300CBCB94 /* AppDelegate.swift */,
				150169FE2B1AAD5E00248601 /* ItemView.swift */,
				1525D6582AE7245400CBCB94 /* Assets.xcassets */,
				1525D65A2AE7245400CBCB94 /* LaunchScreen.storyboard */,
				1525D65D2AE7245400CBCB94 /* Info.plist */,
				15A4703A2B2DDFB3002B9DE8 /* channels.json */,
				15A4703C2B2DE00F002B9DE8 /* ErrorChannel.jpeg */,
			);
			path = BuildingUIKitProgrammatically002;
			sourceTree = "<group>";
		};
		1536CD2F2B13259800E8236F /* Models */ = {
			isa = PBXGroup;
			children = (
				1536CD302B13260700E8236F /* Channel.swift */,
			);
			path = Models;
			sourceTree = "<group>";
		};
		15DC10D52B0980B600D00BDD /* Views */ = {
			isa = PBXGroup;
			children = (
				154FD8CA2B0035AE001B8EA3 /* TableViewCell.swift */,
			);
			path = Views;
			sourceTree = "<group>";
		};
		15DC10D62B0980E000D00BDD /* Controllers */ = {
			isa = PBXGroup;
			children = (
				158F76822B2A5C7F0083917D /* TableViewController.swift */,
				1585EB8B2B6644DA005F6EA9 /* DescSelectChannelViewController.swift */,
				159A0F132B34FCCA0099AA72 /* ViewController.swift */,
			);
			path = Controllers;
			sourceTree = "<group>";
		};
/* End PBXGroup section */

/* Begin PBXNativeTarget section */
		1525D64B2AE7245300CBCB94 /* BuildingUIKitProgrammatically002 */ = {
			isa = PBXNativeTarget;
			buildConfigurationList = 1525D6602AE7245400CBCB94 /* Build configuration list for PBXNativeTarget "BuildingUIKitProgrammatically002" */;
			buildPhases = (
				1525D6482AE7245300CBCB94 /* Sources */,
				1525D6492AE7245300CBCB94 /* Frameworks */,
				1525D64A2AE7245300CBCB94 /* Resources */,
			);
			buildRules = (
			);
			dependencies = (
			);
			name = BuildingUIKitProgrammatically002;
			productName = BuildingUIKitProgrammatically002;
			productReference = 1525D64C2AE7245300CBCB94 /* BuildingUIKitProgrammatically002.app */;
			productType = "com.apple.product-type.application";
		};
/* End PBXNativeTarget section */

/* Begin PBXProject section */
		1525D6442AE7245300CBCB94 /* Project object */ = {
			isa = PBXProject;
			attributes = {
				BuildIndependentTargetsInParallel = 1;
				LastSwiftUpdateCheck = 1500;
				LastUpgradeCheck = 1500;
				TargetAttributes = {
					1525D64B2AE7245300CBCB94 = {
						CreatedOnToolsVersion = 15.0;
					};
				};
			};
			buildConfigurationList = 1525D6472AE7245300CBCB94 /* Build configuration list for PBXProject "BuildingUIKitProgrammatically002" */;
			compatibilityVersion = "Xcode 14.0";
			developmentRegion = en;
			hasScannedForEncodings = 0;
			knownRegions = (
				en,
				Base,
			);
			mainGroup = 1525D6432AE7245300CBCB94;
			productRefGroup = 1525D64D2AE7245300CBCB94 /* Products */;
			projectDirPath = "";
			projectRoot = "";
			targets = (
				1525D64B2AE7245300CBCB94 /* BuildingUIKitProgrammatically002 */,
			);
		};
/* End PBXProject section */

/* Begin PBXResourcesBuildPhase section */
		1525D64A2AE7245300CBCB94 /* Resources */ = {
			isa = PBXResourcesBuildPhase;
			buildActionMask = 2147483647;
			files = (
				15A4703D2B2DE00F002B9DE8 /* ErrorChannel.jpeg in Resources */,
				15A4703B2B2DDFB3002B9DE8 /* channels.json in Resources */,
				1525D65C2AE7245400CBCB94 /* LaunchScreen.storyboard in Resources */,
				1525D6592AE7245400CBCB94 /* Assets.xcassets in Resources */,
			);
			runOnlyForDeploymentPostprocessing = 0;
		};
/* End PBXResourcesBuildPhase section */

/* Begin PBXSourcesBuildPhase section */
		1525D6482AE7245300CBCB94 /* Sources */ = {
			isa = PBXSourcesBuildPhase;
			buildActionMask = 2147483647;
			files = (
				158F76832B2A5C7F0083917D /* TableViewController.swift in Sources */,
				150169FF2B1AAD5E00248601 /* ItemView.swift in Sources */,
				1536CD312B13260700E8236F /* Channel.swift in Sources */,
				154FD8CB2B0035AE001B8EA3 /* TableViewCell.swift in Sources */,
				1525D6502AE7245300CBCB94 /* AppDelegate.swift in Sources */,
				159A0F142B34FCCA0099AA72 /* ViewController.swift in Sources */,
				1525D6522AE7245300CBCB94 /* SceneDelegate.swift in Sources */,
				1585EB8C2B6644DA005F6EA9 /* DescSelectChannelViewController.swift in Sources */,
			);
			runOnlyForDeploymentPostprocessing = 0;
		};
/* End PBXSourcesBuildPhase section */

/* Begin PBXVariantGroup section */
		1525D65A2AE7245400CBCB94 /* LaunchScreen.storyboard */ = {
			isa = PBXVariantGroup;
			children = (
				1525D65B2AE7245400CBCB94 /* Base */,
			);
			name = LaunchScreen.storyboard;
			sourceTree = "<group>";
		};
/* End PBXVariantGroup section */

/* Begin XCBuildConfiguration section */
		1525D65E2AE7245400CBCB94 /* Debug */ = {
			isa = XCBuildConfiguration;
			buildSettings = {
				ALWAYS_SEARCH_USER_PATHS = NO;
				ASSETCATALOG_COMPILER_GENERATE_SWIFT_ASSET_SYMBOL_EXTENSIONS = YES;
				CLANG_ANALYZER_NONNULL = YES;
				CLANG_ANALYZER_NUMBER_OBJECT_CONVERSION = YES_AGGRESSIVE;
				CLANG_CXX_LANGUAGE_STANDARD = "gnu++20";
				CLANG_ENABLE_MODULES = YES;
				CLANG_ENABLE_OBJC_ARC = YES;
				CLANG_ENABLE_OBJC_WEAK = YES;
				CLANG_WARN_BLOCK_CAPTURE_AUTORELEASING = YES;
				CLANG_WARN_BOOL_CONVERSION = YES;
				CLANG_WARN_COMMA = YES;
				CLANG_WARN_CONSTANT_CONVERSION = YES;
				CLANG_WARN_DEPRECATED_OBJC_IMPLEMENTATIONS = YES;
				CLANG_WARN_DIRECT_OBJC_ISA_USAGE = YES_ERROR;
				CLANG_WARN_DOCUMENTATION_COMMENTS = YES;
				CLANG_WARN_EMPTY_BODY = YES;
				CLANG_WARN_ENUM_CONVERSION = YES;
				CLANG_WARN_INFINITE_RECURSION = YES;
				CLANG_WARN_INT_CONVERSION = YES;
				CLANG_WARN_NON_LITERAL_NULL_CONVERSION = YES;
				CLANG_WARN_OBJC_IMPLICIT_RETAIN_SELF = YES;
				CLANG_WARN_OBJC_LITERAL_CONVERSION = YES;
				CLANG_WARN_OBJC_ROOT_CLASS = YES_ERROR;
				CLANG_WARN_QUOTED_INCLUDE_IN_FRAMEWORK_HEADER = YES;
				CLANG_WARN_RANGE_LOOP_ANALYSIS = YES;
				CLANG_WARN_STRICT_PROTOTYPES = YES;
				CLANG_WARN_SUSPICIOUS_MOVE = YES;
				CLANG_WARN_UNGUARDED_AVAILABILITY = YES_AGGRESSIVE;
				CLANG_WARN_UNREACHABLE_CODE = YES;
				CLANG_WARN__DUPLICATE_METHOD_MATCH = YES;
				COPY_PHASE_STRIP = NO;
				DEBUG_INFORMATION_FORMAT = dwarf;
				ENABLE_STRICT_OBJC_MSGSEND = YES;
				ENABLE_TESTABILITY = YES;
				ENABLE_USER_SCRIPT_SANDBOXING = YES;
				GCC_C_LANGUAGE_STANDARD = gnu17;
				GCC_DYNAMIC_NO_PIC = NO;
				GCC_NO_COMMON_BLOCKS = YES;
				GCC_OPTIMIZATION_LEVEL = 0;
				GCC_PREPROCESSOR_DEFINITIONS = (
					"DEBUG=1",
					"$(inherited)",
				);
				GCC_WARN_64_TO_32_BIT_CONVERSION = YES;
				GCC_WARN_ABOUT_RETURN_TYPE = YES_ERROR;
				GCC_WARN_UNDECLARED_SELECTOR = YES;
				GCC_WARN_UNINITIALIZED_AUTOS = YES_AGGRESSIVE;
				GCC_WARN_UNUSED_FUNCTION = YES;
				GCC_WARN_UNUSED_VARIABLE = YES;
				IPHONEOS_DEPLOYMENT_TARGET = 17.0;
				LOCALIZATION_PREFERS_STRING_CATALOGS = YES;
				MTL_ENABLE_DEBUG_INFO = INCLUDE_SOURCE;
				MTL_FAST_MATH = YES;
				ONLY_ACTIVE_ARCH = YES;
				SDKROOT = iphoneos;
				SWIFT_ACTIVE_COMPILATION_CONDITIONS = "DEBUG $(inherited)";
				SWIFT_OPTIMIZATION_LEVEL = "-Onone";
			};
			name = Debug;
		};
		1525D65F2AE7245400CBCB94 /* Release */ = {
			isa = XCBuildConfiguration;
			buildSettings = {
				ALWAYS_SEARCH_USER_PATHS = NO;
				ASSETCATALOG_COMPILER_GENERATE_SWIFT_ASSET_SYMBOL_EXTENSIONS = YES;
				CLANG_ANALYZER_NONNULL = YES;
				CLANG_ANALYZER_NUMBER_OBJECT_CONVERSION = YES_AGGRESSIVE;
				CLANG_CXX_LANGUAGE_STANDARD = "gnu++20";
				CLANG_ENABLE_MODULES = YES;
				CLANG_ENABLE_OBJC_ARC = YES;
				CLANG_ENABLE_OBJC_WEAK = YES;
				CLANG_WARN_BLOCK_CAPTURE_AUTORELEASING = YES;
				CLANG_WARN_BOOL_CONVERSION = YES;
				CLANG_WARN_COMMA = YES;
				CLANG_WARN_CONSTANT_CONVERSION = YES;
				CLANG_WARN_DEPRECATED_OBJC_IMPLEMENTATIONS = YES;
				CLANG_WARN_DIRECT_OBJC_ISA_USAGE = YES_ERROR;
				CLANG_WARN_DOCUMENTATION_COMMENTS = YES;
				CLANG_WARN_EMPTY_BODY = YES;
				CLANG_WARN_ENUM_CONVERSION = YES;
				CLANG_WARN_INFINITE_RECURSION = YES;
				CLANG_WARN_INT_CONVERSION = YES;
				CLANG_WARN_NON_LITERAL_NULL_CONVERSION = YES;
				CLANG_WARN_OBJC_IMPLICIT_RETAIN_SELF = YES;
				CLANG_WARN_OBJC_LITERAL_CONVERSION = YES;
				CLANG_WARN_OBJC_ROOT_CLASS = YES_ERROR;
				CLANG_WARN_QUOTED_INCLUDE_IN_FRAMEWORK_HEADER = YES;
				CLANG_WARN_RANGE_LOOP_ANALYSIS = YES;
				CLANG_WARN_STRICT_PROTOTYPES = YES;
				CLANG_WARN_SUSPICIOUS_MOVE = YES;
				CLANG_WARN_UNGUARDED_AVAILABILITY = YES_AGGRESSIVE;
				CLANG_WARN_UNREACHABLE_CODE = YES;
				CLANG_WARN__DUPLICATE_METHOD_MATCH = YES;
				COPY_PHASE_STRIP = NO;
				DEBUG_INFORMATION_FORMAT = "dwarf-with-dsym";
				ENABLE_NS_ASSERTIONS = NO;
				ENABLE_STRICT_OBJC_MSGSEND = YES;
				ENABLE_USER_SCRIPT_SANDBOXING = YES;
				GCC_C_LANGUAGE_STANDARD = gnu17;
				GCC_NO_COMMON_BLOCKS = YES;
				GCC_WARN_64_TO_32_BIT_CONVERSION = YES;
				GCC_WARN_ABOUT_RETURN_TYPE = YES_ERROR;
				GCC_WARN_UNDECLARED_SELECTOR = YES;
				GCC_WARN_UNINITIALIZED_AUTOS = YES_AGGRESSIVE;
				GCC_WARN_UNUSED_FUNCTION = YES;
				GCC_WARN_UNUSED_VARIABLE = YES;
				IPHONEOS_DEPLOYMENT_TARGET = 17.0;
				LOCALIZATION_PREFERS_STRING_CATALOGS = YES;
				MTL_ENABLE_DEBUG_INFO = NO;
				MTL_FAST_MATH = YES;
				SDKROOT = iphoneos;
				SWIFT_COMPILATION_MODE = wholemodule;
				VALIDATE_PRODUCT = YES;
			};
			name = Release;
		};
		1525D6612AE7245400CBCB94 /* Debug */ = {
			isa = XCBuildConfiguration;
			buildSettings = {
				ASSETCATALOG_COMPILER_APPICON_NAME = AppIcon;
				ASSETCATALOG_COMPILER_GLOBAL_ACCENT_COLOR_NAME = AccentColor;
				CODE_SIGN_STYLE = Automatic;
				CURRENT_PROJECT_VERSION = 1;
				DEVELOPMENT_TEAM = 3QQ8UVFW7Q;
				GENERATE_INFOPLIST_FILE = YES;
				INFOPLIST_FILE = BuildingUIKitProgrammatically002/Info.plist;
				INFOPLIST_KEY_UIApplicationSupportsIndirectInputEvents = YES;
				INFOPLIST_KEY_UILaunchStoryboardName = LaunchScreen;
				INFOPLIST_KEY_UISupportedInterfaceOrientations_iPad = "UIInterfaceOrientationPortrait UIInterfaceOrientationPortraitUpsideDown UIInterfaceOrientationLandscapeLeft UIInterfaceOrientationLandscapeRight";
				INFOPLIST_KEY_UISupportedInterfaceOrientations_iPhone = "UIInterfaceOrientationPortrait UIInterfaceOrientationLandscapeLeft UIInterfaceOrientationLandscapeRight";
				LD_RUNPATH_SEARCH_PATHS = (
					"$(inherited)",
					"@executable_path/Frameworks",
				);
				MARKETING_VERSION = 1.0;
				PRODUCT_BUNDLE_IDENTIFIER = com.swiftapp.BuildingUIKitProgrammatically002;
				PRODUCT_NAME = "$(TARGET_NAME)";
				SWIFT_EMIT_LOC_STRINGS = YES;
				SWIFT_VERSION = 5.0;
				TARGETED_DEVICE_FAMILY = "1,2";
			};
			name = Debug;
		};
		1525D6622AE7245400CBCB94 /* Release */ = {
			isa = XCBuildConfiguration;
			buildSettings = {
				ASSETCATALOG_COMPILER_APPICON_NAME = AppIcon;
				ASSETCATALOG_COMPILER_GLOBAL_ACCENT_COLOR_NAME = AccentColor;
				CODE_SIGN_STYLE = Automatic;
				CURRENT_PROJECT_VERSION = 1;
				DEVELOPMENT_TEAM = 3QQ8UVFW7Q;
				GENERATE_INFOPLIST_FILE = YES;
				INFOPLIST_FILE = BuildingUIKitProgrammatically002/Info.plist;
				INFOPLIST_KEY_UIApplicationSupportsIndirectInputEvents = YES;
				INFOPLIST_KEY_UILaunchStoryboardName = LaunchScreen;
				INFOPLIST_KEY_UISupportedInterfaceOrientations_iPad = "UIInterfaceOrientationPortrait UIInterfaceOrientationPortraitUpsideDown UIInterfaceOrientationLandscapeLeft UIInterfaceOrientationLandscapeRight";
				INFOPLIST_KEY_UISupportedInterfaceOrientations_iPhone = "UIInterfaceOrientationPortrait UIInterfaceOrientationLandscapeLeft UIInterfaceOrientationLandscapeRight";
				LD_RUNPATH_SEARCH_PATHS = (
					"$(inherited)",
					"@executable_path/Frameworks",
				);
				MARKETING_VERSION = 1.0;
				PRODUCT_BUNDLE_IDENTIFIER = com.swiftapp.BuildingUIKitProgrammatically002;
				PRODUCT_NAME = "$(TARGET_NAME)";
				SWIFT_EMIT_LOC_STRINGS = YES;
				SWIFT_VERSION = 5.0;
				TARGETED_DEVICE_FAMILY = "1,2";
			};
			name = Release;
		};
/* End XCBuildConfiguration section */

/* Begin XCConfigurationList section */
		1525D6472AE7245300CBCB94 /* Build configuration list for PBXProject "BuildingUIKitProgrammatically002" */ = {
			isa = XCConfigurationList;
			buildConfigurations = (
				1525D65E2AE7245400CBCB94 /* Debug */,
				1525D65F2AE7245400CBCB94 /* Release */,
			);
			defaultConfigurationIsVisible = 0;
			defaultConfigurationName = Release;
		};
		1525D6602AE7245400CBCB94 /* Build configuration list for PBXNativeTarget "BuildingUIKitProgrammatically002" */ = {
			isa = XCConfigurationList;
			buildConfigurations = (
				1525D6612AE7245400CBCB94 /* Debug */,
				1525D6622AE7245400CBCB94 /* Release */,
			);
			defaultConfigurationIsVisible = 0;
			defaultConfigurationName = Release;
		};
/* End XCConfigurationList section */
	};
	rootObject = 1525D6442AE7245300CBCB94 /* Project object */;
}
